
Microsoft Visual Studio Solution File, Format Version 12.00
# Visual Studio Version 16
VisualStudioVersion = 16.0.32106.194
MinimumVisualStudioVersion = 10.0.40219.1
Project("{FAE04EC0-301F-11D3-BF4B-00C04F79EFBC}") = "NEAT Template", "NEAT Template.csproj", "{09A8565B-3CB2-4BFB-9313-0A09E9FA019C}"
EndProject
Global
	GlobalSection(SolutionConfigurationPlatforms) = preSolution
		Debug|Any CPU = Debug|Any CPU
		Release|Any CPU = Release|Any CPU
	EndGlobalSection
	GlobalSection(ProjectConfigurationPlatforms) = postSolution
		{09A8565B-3CB2-4BFB-9313-0A09E9FA019C}.Debug|Any CPU.ActiveCfg = Debug|Any CPU
		{09A8565B-3CB2-4BFB-9313-0A09E9FA019C}.Debug|Any CPU.Build.0 = Debug|Any CPU
		{09A8565B-3CB2-4BFB-9313-0A09E9FA019C}.Release|Any CPU.ActiveCfg = Release|Any CPU
		{09A8565B-3CB2-4BFB-9313-0A09E9FA019C}.Release|Any CPU.Build.0 = Release|Any CPU
	EndGlobalSection
	GlobalSection(SolutionProperties) = preSolution
		HideSolutionNode = FALSE
	EndGlobalSection
	GlobalSection(ExtensibilityGlobals) = postSolution
		SolutionGuid = {C49620F2-53BA-435A-954E-D7ECC8CC1DB7}
	EndGlobalSection
EndGlobal
